{
  "version": "4",
  "specifiers": {
    "jsr:@supabase/functions-js@^2.4.3": "2.4.3"
  },
  "jsr": {
    "@supabase/functions-js@2.4.3": {
      "integrity": "010834c9e7d2996b4be8e4004a15ed8f42b326490e4b354683f9c191353b76cc"
    }
  },
  "workspace": {
    "dependencies": [
      "jsr:@supabase/functions-js@^2.4.3"
    ]
  }
}
